
Microsoft Visual Studio Solution File, Format Version 12.00
# Visual Studio 2013
VisualStudioVersion = 12.0.21005.1
MinimumVisualStudioVersion = 10.0.40219.1
Project("{FAE04EC0-301F-11D3-BF4B-00C04F79EFBC}") = "Domain", "Domain\Domain.csproj", "{46B98E6B-670D-4EBF-AA93-202F19777E2F}"
EndProject
Project("{FAE04EC0-301F-11D3-BF4B-00C04F79EFBC}") = "Web", "Web\Web.csproj", "{60BDD734-4588-4CD3-9DB2-D1A9690D8340}"
EndProject
Project("{FAE04EC0-301F-11D3-BF4B-00C04F79EFBC}") = "Core", "Core\Core.csproj", "{1457EB7F-1586-48F4-AE1B-9324A91A60CE}"
EndProject
Project("{FAE04EC0-301F-11D3-BF4B-00C04F79EFBC}") = "Core.Test", "Core.Test\Core.Test.csproj", "{26748EAF-1A10-43E8-A1FA-E8D99DEBEDD8}"
EndProject
Project("{FAE04EC0-301F-11D3-BF4B-00C04F79EFBC}") = "Framework", "Framework\Framework.csproj", "{0E1B1E4B-7CDF-44A0-8C8E-72AB2774B601}"
EndProject
Global
	GlobalSection(SolutionConfigurationPlatforms) = preSolution
		Debug|Any CPU = Debug|Any CPU
		Release|Any CPU = Release|Any CPU
	EndGlobalSection
	GlobalSection(ProjectConfigurationPlatforms) = postSolution
		{46B98E6B-670D-4EBF-AA93-202F19777E2F}.Debug|Any CPU.ActiveCfg = Debug|Any CPU
		{46B98E6B-670D-4EBF-AA93-202F19777E2F}.Debug|Any CPU.Build.0 = Debug|Any CPU
		{46B98E6B-670D-4EBF-AA93-202F19777E2F}.Release|Any CPU.ActiveCfg = Release|Any CPU
		{46B98E6B-670D-4EBF-AA93-202F19777E2F}.Release|Any CPU.Build.0 = Release|Any CPU
		{60BDD734-4588-4CD3-9DB2-D1A9690D8340}.Debug|Any CPU.ActiveCfg = Debug|Any CPU
		{60BDD734-4588-4CD3-9DB2-D1A9690D8340}.Debug|Any CPU.Build.0 = Debug|Any CPU
		{60BDD734-4588-4CD3-9DB2-D1A9690D8340}.Release|Any CPU.ActiveCfg = Release|Any CPU
		{60BDD734-4588-4CD3-9DB2-D1A9690D8340}.Release|Any CPU.Build.0 = Release|Any CPU
		{1457EB7F-1586-48F4-AE1B-9324A91A60CE}.Debug|Any CPU.ActiveCfg = Debug|Any CPU
		{1457EB7F-1586-48F4-AE1B-9324A91A60CE}.Debug|Any CPU.Build.0 = Debug|Any CPU
		{1457EB7F-1586-48F4-AE1B-9324A91A60CE}.Release|Any CPU.ActiveCfg = Release|Any CPU
		{1457EB7F-1586-48F4-AE1B-9324A91A60CE}.Release|Any CPU.Build.0 = Release|Any CPU
		{26748EAF-1A10-43E8-A1FA-E8D99DEBEDD8}.Debug|Any CPU.ActiveCfg = Debug|Any CPU
		{26748EAF-1A10-43E8-A1FA-E8D99DEBEDD8}.Debug|Any CPU.Build.0 = Debug|Any CPU
		{26748EAF-1A10-43E8-A1FA-E8D99DEBEDD8}.Release|Any CPU.ActiveCfg = Release|Any CPU
		{26748EAF-1A10-43E8-A1FA-E8D99DEBEDD8}.Release|Any CPU.Build.0 = Release|Any CPU
		{0E1B1E4B-7CDF-44A0-8C8E-72AB2774B601}.Debug|Any CPU.ActiveCfg = Debug|Any CPU
		{0E1B1E4B-7CDF-44A0-8C8E-72AB2774B601}.Debug|Any CPU.Build.0 = Debug|Any CPU
		{0E1B1E4B-7CDF-44A0-8C8E-72AB2774B601}.Release|Any CPU.ActiveCfg = Release|Any CPU
		{0E1B1E4B-7CDF-44A0-8C8E-72AB2774B601}.Release|Any CPU.Build.0 = Release|Any CPU
	EndGlobalSection
	GlobalSection(SolutionProperties) = preSolution
		HideSolutionNode = FALSE
	EndGlobalSection
EndGlobal
